
Microsoft Visual Studio Solution File, Format Version 11.00
# Visual Studio 2010
Project("{FAE04EC0-301F-11D3-BF4B-00C04F79EFBC}") = "Assembly-CSharp", "Assembly-CSharp.csproj", "{5FD45AD8-FD67-8E7D-0D9E-D2278C189025}"
EndProject
Project("{FAE04EC0-301F-11D3-BF4B-00C04F79EFBC}") = "Assembly-CSharp-Editor-firstpass", "Assembly-CSharp-Editor-firstpass.csproj", "{726F70FB-42D9-79B0-E99D-DA037C38789F}"
EndProject
Global
	GlobalSection(SolutionConfigurationPlatforms) = preSolution
		Debug|Any CPU = Debug|Any CPU
		Release|Any CPU = Release|Any CPU
	EndGlobalSection
	GlobalSection(ProjectConfigurationPlatforms) = postSolution
		{5FD45AD8-FD67-8E7D-0D9E-D2278C189025}.Debug|Any CPU.ActiveCfg = Debug|Any CPU
		{5FD45AD8-FD67-8E7D-0D9E-D2278C189025}.Debug|Any CPU.Build.0 = Debug|Any CPU
		{5FD45AD8-FD67-8E7D-0D9E-D2278C189025}.Release|Any CPU.ActiveCfg = Release|Any CPU
		{5FD45AD8-FD67-8E7D-0D9E-D2278C189025}.Release|Any CPU.Build.0 = Release|Any CPU
		{726F70FB-42D9-79B0-E99D-DA037C38789F}.Debug|Any CPU.ActiveCfg = Debug|Any CPU
		{726F70FB-42D9-79B0-E99D-DA037C38789F}.Debug|Any CPU.Build.0 = Debug|Any CPU
		{726F70FB-42D9-79B0-E99D-DA037C38789F}.Release|Any CPU.ActiveCfg = Release|Any CPU
		{726F70FB-42D9-79B0-E99D-DA037C38789F}.Release|Any CPU.Build.0 = Release|Any CPU
	EndGlobalSection
	GlobalSection(SolutionProperties) = preSolution
		HideSolutionNode = FALSE
	EndGlobalSection
EndGlobal
